// !$*UTF8*$!
{
	archiveVersion = 1;
	classes = {
	};
	objectVersion = 56;
	objects = {

/* Begin PBXBuildFile section */
		26046F6828D54D9D0000DD8C /* EditViewController.swift in Sources */ = {isa = PBXBuildFile; fileRef = 26046F6728D54D9D0000DD8C /* EditViewController.swift */; };
		26046F6D28D56C0A0000DD8C /* movies.json in Resources */ = {isa = PBXBuildFile; fileRef = 26046F6C28D56C0A0000DD8C /* movies.json */; };
		266F2E8528D42AB1006BF326 /* Person.swift in Sources */ = {isa = PBXBuildFile; fileRef = 266F2E8428D42AB1006BF326 /* Person.swift */; };
		266F2E8728D430F0006BF326 /* WindowController.swift in Sources */ = {isa = PBXBuildFile; fileRef = 266F2E8628D430F0006BF326 /* WindowController.swift */; };
		266F2E8928D437AE006BF326 /* DataStore.swift in Sources */ = {isa = PBXBuildFile; fileRef = 266F2E8828D437AE006BF326 /* DataStore.swift */; };
		26A4F89028D4237400E5BAFD /* AppDelegate.swift in Sources */ = {isa = PBXBuildFile; fileRef = 26A4F88F28D4237400E5BAFD /* AppDelegate.swift */; };
		26A4F89228D4237400E5BAFD /* ViewController.swift in Sources */ = {isa = PBXBuildFile; fileRef = 26A4F89128D4237400E5BAFD /* ViewController.swift */; };
		26A4F89428D4237500E5BAFD /* Assets.xcassets in Resources */ = {isa = PBXBuildFile; fileRef = 26A4F89328D4237500E5BAFD /* Assets.xcassets */; };
		26A4F89728D4237500E5BAFD /* Main.storyboard in Resources */ = {isa = PBXBuildFile; fileRef = 26A4F89528D4237500E5BAFD /* Main.storyboard */; };
		26A4F8A128D425AD00E5BAFD /* TableData.swift in Sources */ = {isa = PBXBuildFile; fileRef = 26A4F8A028D425AD00E5BAFD /* TableData.swift */; };
		26A4F8A328D425F500E5BAFD /* Movie.swift in Sources */ = {isa = PBXBuildFile; fileRef = 26A4F8A228D425F500E5BAFD /* Movie.swift */; };
/* End PBXBuildFile section */

/* Begin PBXFileReference section */
		26046F6728D54D9D0000DD8C /* EditViewController.swift */ = {isa = PBXFileReference; lastKnownFileType = sourcecode.swift; path = EditViewController.swift; sourceTree = "<group>"; };
		26046F6C28D56C0A0000DD8C /* movies.json */ = {isa = PBXFileReference; fileEncoding = 4; lastKnownFileType = text.json; path = movies.json; sourceTree = "<group>"; };
		266F2E8428D42AB1006BF326 /* Person.swift */ = {isa = PBXFileReference; lastKnownFileType = sourcecode.swift; path = Person.swift; sourceTree = "<group>"; };
		266F2E8628D430F0006BF326 /* WindowController.swift */ = {isa = PBXFileReference; lastKnownFileType = sourcecode.swift; path = WindowController.swift; sourceTree = "<group>"; };
		266F2E8828D437AE006BF326 /* DataStore.swift */ = {isa = PBXFileReference; lastKnownFileType = sourcecode.swift; path = DataStore.swift; sourceTree = "<group>"; };
		26A4F88C28D4237400E5BAFD /* Movie Tables.app */ = {isa = PBXFileReference; explicitFileType = wrapper.application; includeInIndex = 0; path = "Movie Tables.app"; sourceTree = BUILT_PRODUCTS_DIR; };
		26A4F88F28D4237400E5BAFD /* AppDelegate.swift */ = {isa = PBXFileReference; lastKnownFileType = sourcecode.swift; path = AppDelegate.swift; sourceTree = "<group>"; };
		26A4F89128D4237400E5BAFD /* ViewController.swift */ = {isa = PBXFileReference; lastKnownFileType = sourcecode.swift; path = ViewController.swift; sourceTree = "<group>"; };
		26A4F89328D4237500E5BAFD /* Assets.xcassets */ = {isa = PBXFileReference; lastKnownFileType = folder.assetcatalog; path = Assets.xcassets; sourceTree = "<group>"; };
		26A4F89628D4237500E5BAFD /* Base */ = {isa = PBXFileReference; lastKnownFileType = file.storyboard; name = Base; path = Base.lproj/Main.storyboard; sourceTree = "<group>"; };
		26A4F89828D4237500E5BAFD /* MovieTables.entitlements */ = {isa = PBXFileReference; lastKnownFileType = text.plist.entitlements; path = MovieTables.entitlements; sourceTree = "<group>"; };
		26A4F8A028D425AD00E5BAFD /* TableData.swift */ = {isa = PBXFileReference; lastKnownFileType = sourcecode.swift; path = TableData.swift; sourceTree = "<group>"; };
		26A4F8A228D425F500E5BAFD /* Movie.swift */ = {isa = PBXFileReference; lastKnownFileType = sourcecode.swift; path = Movie.swift; sourceTree = "<group>"; };
/* End PBXFileReference section */

/* Begin PBXFrameworksBuildPhase section */
		26A4F88928D4237400E5BAFD /* Frameworks */ = {
			isa = PBXFrameworksBuildPhase;
			buildActionMask = 2147483647;
			files = (
			);
			runOnlyForDeploymentPostprocessing = 0;
		};
/* End PBXFrameworksBuildPhase section */

/* Begin PBXGroup section */
		26A4F88328D4237400E5BAFD = {
			isa = PBXGroup;
			children = (
				26A4F88E28D4237400E5BAFD /* MovieTables */,
				26A4F88D28D4237400E5BAFD /* Products */,
			);
			sourceTree = "<group>";
		};
		26A4F88D28D4237400E5BAFD /* Products */ = {
			isa = PBXGroup;
			children = (
				26A4F88C28D4237400E5BAFD /* Movie Tables.app */,
			);
			name = Products;
			sourceTree = "<group>";
		};
		26A4F88E28D4237400E5BAFD /* MovieTables */ = {
			isa = PBXGroup;
			children = (
				26A4F88F28D4237400E5BAFD /* AppDelegate.swift */,
				266F2E8628D430F0006BF326 /* WindowController.swift */,
				26A4F89128D4237400E5BAFD /* ViewController.swift */,
				26046F6728D54D9D0000DD8C /* EditViewController.swift */,
				26A4F8A028D425AD00E5BAFD /* TableData.swift */,
				26A4F8A428D42A5100E5BAFD /* Models & Data */,
				26A4F89328D4237500E5BAFD /* Assets.xcassets */,
				26A4F89528D4237500E5BAFD /* Main.storyboard */,
				26A4F89828D4237500E5BAFD /* MovieTables.entitlements */,
			);
			path = MovieTables;
			sourceTree = "<group>";
		};
		26A4F8A428D42A5100E5BAFD /* Models & Data */ = {
			isa = PBXGroup;
			children = (
				26A4F8A228D425F500E5BAFD /* Movie.swift */,
				266F2E8428D42AB1006BF326 /* Person.swift */,
				266F2E8828D437AE006BF326 /* DataStore.swift */,
				26046F6C28D56C0A0000DD8C /* movies.json */,
			);
			path = "Models & Data";
			sourceTree = "<group>";
		};
/* End PBXGroup section */

/* Begin PBXNativeTarget section */
		26A4F88B28D4237400E5BAFD /* Movie Tables */ = {
			isa = PBXNativeTarget;
			buildConfigurationList = 26A4F89B28D4237500E5BAFD /* Build configuration list for PBXNativeTarget "Movie Tables" */;
			buildPhases = (
				26046F6928D55EDA0000DD8C /* ShellScript */,
				26A4F88828D4237400E5BAFD /* Sources */,
				26A4F88928D4237400E5BAFD /* Frameworks */,
				26A4F88A28D4237400E5BAFD /* Resources */,
			);
			buildRules = (
			);
			dependencies = (
			);
			name = "Movie Tables";
			productName = MovieTables;
			productReference = 26A4F88C28D4237400E5BAFD /* Movie Tables.app */;
			productType = "com.apple.product-type.application";
		};
/* End PBXNativeTarget section */

/* Begin PBXProject section */
		26A4F88428D4237400E5BAFD /* Project object */ = {
			isa = PBXProject;
			attributes = {
				BuildIndependentTargetsInParallel = 1;
				LastSwiftUpdateCheck = 1410;
				LastUpgradeCheck = 1410;
				TargetAttributes = {
					26A4F88B28D4237400E5BAFD = {
						CreatedOnToolsVersion = 14.1;
					};
				};
			};
			buildConfigurationList = 26A4F88728D4237400E5BAFD /* Build configuration list for PBXProject "MovieTables" */;
			compatibilityVersion = "Xcode 14.0";
			developmentRegion = en;
			hasScannedForEncodings = 0;
			knownRegions = (
				en,
				Base,
			);
			mainGroup = 26A4F88328D4237400E5BAFD;
			productRefGroup = 26A4F88D28D4237400E5BAFD /* Products */;
			projectDirPath = "";
			projectRoot = "";
			targets = (
				26A4F88B28D4237400E5BAFD /* Movie Tables */,
			);
		};
/* End PBXProject section */

/* Begin PBXResourcesBuildPhase section */
		26A4F88A28D4237400E5BAFD /* Resources */ = {
			isa = PBXResourcesBuildPhase;
			buildActionMask = 2147483647;
			files = (
				26046F6D28D56C0A0000DD8C /* movies.json in Resources */,
				26A4F89428D4237500E5BAFD /* Assets.xcassets in Resources */,
				26A4F89728D4237500E5BAFD /* Main.storyboard in Resources */,
			);
			runOnlyForDeploymentPostprocessing = 0;
		};
/* End PBXResourcesBuildPhase section */

/* Begin PBXShellScriptBuildPhase section */
		26046F6928D55EDA0000DD8C /* ShellScript */ = {
			isa = PBXShellScriptBuildPhase;
			alwaysOutOfDate = 1;
			buildActionMask = 2147483647;
			files = (
			);
			inputFileListPaths = (
			);
			inputPaths = (
			);
			outputFileListPaths = (
			);
			outputPaths = (
			);
			runOnlyForDeploymentPostprocessing = 0;
			shellPath = /bin/sh;
			shellScript = "PATH=/opt/homebrew/bin:$PATH\nif [ -f ~/com.raywenderlich.swiftlint.yml ]; then\n  if which swiftlint >/dev/null; then\n    swiftlint --fix --no-cache --config ~/com.raywenderlich.swiftlint.yml\n    swiftlint --no-cache --config ~/com.raywenderlich.swiftlint.yml\n  fi\nfi\n";
		};
/* End PBXShellScriptBuildPhase section */

/* Begin PBXSourcesBuildPhase section */
		26A4F88828D4237400E5BAFD /* Sources */ = {
			isa = PBXSourcesBuildPhase;
			buildActionMask = 2147483647;
			files = (
				26046F6828D54D9D0000DD8C /* EditViewController.swift in Sources */,
				266F2E8928D437AE006BF326 /* DataStore.swift in Sources */,
				266F2E8528D42AB1006BF326 /* Person.swift in Sources */,
				266F2E8728D430F0006BF326 /* WindowController.swift in Sources */,
				26A4F8A128D425AD00E5BAFD /* TableData.swift in Sources */,
				26A4F89228D4237400E5BAFD /* ViewController.swift in Sources */,
				26A4F8A328D425F500E5BAFD /* Movie.swift in Sources */,
				26A4F89028D4237400E5BAFD /* AppDelegate.swift in Sources */,
			);
			runOnlyForDeploymentPostprocessing = 0;
		};
/* End PBXSourcesBuildPhase section */

/* Begin PBXVariantGroup section */
		26A4F89528D4237500E5BAFD /* Main.storyboard */ = {
			isa = PBXVariantGroup;
			children = (
				26A4F89628D4237500E5BAFD /* Base */,
			);
			name = Main.storyboard;
			sourceTree = "<group>";
		};
/* End PBXVariantGroup section */

/* Begin XCBuildConfiguration section */
		26A4F89928D4237500E5BAFD /* Debug */ = {
			isa = XCBuildConfiguration;
			buildSettings = {
				ALWAYS_SEARCH_USER_PATHS = NO;
				CLANG_ANALYZER_NONNULL = YES;
				CLANG_ANALYZER_NUMBER_OBJECT_CONVERSION = YES_AGGRESSIVE;
				CLANG_CXX_LANGUAGE_STANDARD = "gnu++20";
				CLANG_ENABLE_MODULES = YES;
				CLANG_ENABLE_OBJC_ARC = YES;
				CLANG_ENABLE_OBJC_WEAK = YES;
				CLANG_WARN_BLOCK_CAPTURE_AUTORELEASING = YES;
				CLANG_WARN_BOOL_CONVERSION = YES;
				CLANG_WARN_COMMA = YES;
				CLANG_WARN_CONSTANT_CONVERSION = YES;
				CLANG_WARN_DEPRECATED_OBJC_IMPLEMENTATIONS = YES;
				CLANG_WARN_DIRECT_OBJC_ISA_USAGE = YES_ERROR;
				CLANG_WARN_DOCUMENTATION_COMMENTS = YES;
				CLANG_WARN_EMPTY_BODY = YES;
				CLANG_WARN_ENUM_CONVERSION = YES;
				CLANG_WARN_INFINITE_RECURSION = YES;
				CLANG_WARN_INT_CONVERSION = YES;
				CLANG_WARN_NON_LITERAL_NULL_CONVERSION = YES;
				CLANG_WARN_OBJC_IMPLICIT_RETAIN_SELF = YES;
				CLANG_WARN_OBJC_LITERAL_CONVERSION = YES;
				CLANG_WARN_OBJC_ROOT_CLASS = YES_ERROR;
				CLANG_WARN_QUOTED_INCLUDE_IN_FRAMEWORK_HEADER = YES;
				CLANG_WARN_RANGE_LOOP_ANALYSIS = YES;
				CLANG_WARN_STRICT_PROTOTYPES = YES;
				CLANG_WARN_SUSPICIOUS_MOVE = YES;
				CLANG_WARN_UNGUARDED_AVAILABILITY = YES_AGGRESSIVE;
				CLANG_WARN_UNREACHABLE_CODE = YES;
				CLANG_WARN__DUPLICATE_METHOD_MATCH = YES;
				COPY_PHASE_STRIP = NO;
				DEBUG_INFORMATION_FORMAT = dwarf;
				ENABLE_STRICT_OBJC_MSGSEND = YES;
				ENABLE_TESTABILITY = YES;
				GCC_C_LANGUAGE_STANDARD = gnu11;
				GCC_DYNAMIC_NO_PIC = NO;
				GCC_NO_COMMON_BLOCKS = YES;
				GCC_OPTIMIZATION_LEVEL = 0;
				GCC_PREPROCESSOR_DEFINITIONS = (
					"DEBUG=1",
					"$(inherited)",
				);
				GCC_WARN_64_TO_32_BIT_CONVERSION = YES;
				GCC_WARN_ABOUT_RETURN_TYPE = YES_ERROR;
				GCC_WARN_UNDECLARED_SELECTOR = YES;
				GCC_WARN_UNINITIALIZED_AUTOS = YES_AGGRESSIVE;
				GCC_WARN_UNUSED_FUNCTION = YES;
				GCC_WARN_UNUSED_VARIABLE = YES;
				MACOSX_DEPLOYMENT_TARGET = 13.0;
				MTL_ENABLE_DEBUG_INFO = INCLUDE_SOURCE;
				MTL_FAST_MATH = YES;
				ONLY_ACTIVE_ARCH = YES;
				SDKROOT = macosx;
				SWIFT_ACTIVE_COMPILATION_CONDITIONS = DEBUG;
				SWIFT_OPTIMIZATION_LEVEL = "-Onone";
			};
			name = Debug;
		};
		26A4F89A28D4237500E5BAFD /* Release */ = {
			isa = XCBuildConfiguration;
			buildSettings = {
				ALWAYS_SEARCH_USER_PATHS = NO;
				CLANG_ANALYZER_NONNULL = YES;
				CLANG_ANALYZER_NUMBER_OBJECT_CONVERSION = YES_AGGRESSIVE;
				CLANG_CXX_LANGUAGE_STANDARD = "gnu++20";
				CLANG_ENABLE_MODULES = YES;
				CLANG_ENABLE_OBJC_ARC = YES;
				CLANG_ENABLE_OBJC_WEAK = YES;
				CLANG_WARN_BLOCK_CAPTURE_AUTORELEASING = YES;
				CLANG_WARN_BOOL_CONVERSION = YES;
				CLANG_WARN_COMMA = YES;
				CLANG_WARN_CONSTANT_CONVERSION = YES;
				CLANG_WARN_DEPRECATED_OBJC_IMPLEMENTATIONS = YES;
				CLANG_WARN_DIRECT_OBJC_ISA_USAGE = YES_ERROR;
				CLANG_WARN_DOCUMENTATION_COMMENTS = YES;
				CLANG_WARN_EMPTY_BODY = YES;
				CLANG_WARN_ENUM_CONVERSION = YES;
				CLANG_WARN_INFINITE_RECURSION = YES;
				CLANG_WARN_INT_CONVERSION = YES;
				CLANG_WARN_NON_LITERAL_NULL_CONVERSION = YES;
				CLANG_WARN_OBJC_IMPLICIT_RETAIN_SELF = YES;
				CLANG_WARN_OBJC_LITERAL_CONVERSION = YES;
				CLANG_WARN_OBJC_ROOT_CLASS = YES_ERROR;
				CLANG_WARN_QUOTED_INCLUDE_IN_FRAMEWORK_HEADER = YES;
				CLANG_WARN_RANGE_LOOP_ANALYSIS = YES;
				CLANG_WARN_STRICT_PROTOTYPES = YES;
				CLANG_WARN_SUSPICIOUS_MOVE = YES;
				CLANG_WARN_UNGUARDED_AVAILABILITY = YES_AGGRESSIVE;
				CLANG_WARN_UNREACHABLE_CODE = YES;
				CLANG_WARN__DUPLICATE_METHOD_MATCH = YES;
				COPY_PHASE_STRIP = NO;
				DEBUG_INFORMATION_FORMAT = "dwarf-with-dsym";
				ENABLE_NS_ASSERTIONS = NO;
				ENABLE_STRICT_OBJC_MSGSEND = YES;
				GCC_C_LANGUAGE_STANDARD = gnu11;
				GCC_NO_COMMON_BLOCKS = YES;
				GCC_WARN_64_TO_32_BIT_CONVERSION = YES;
				GCC_WARN_ABOUT_RETURN_TYPE = YES_ERROR;
				GCC_WARN_UNDECLARED_SELECTOR = YES;
				GCC_WARN_UNINITIALIZED_AUTOS = YES_AGGRESSIVE;
				GCC_WARN_UNUSED_FUNCTION = YES;
				GCC_WARN_UNUSED_VARIABLE = YES;
				MACOSX_DEPLOYMENT_TARGET = 13.0;
				MTL_ENABLE_DEBUG_INFO = NO;
				MTL_FAST_MATH = YES;
				SDKROOT = macosx;
				SWIFT_COMPILATION_MODE = wholemodule;
				SWIFT_OPTIMIZATION_LEVEL = "-O";
			};
			name = Release;
		};
		26A4F89C28D4237500E5BAFD /* Debug */ = {
			isa = XCBuildConfiguration;
			buildSettings = {
				ASSETCATALOG_COMPILER_APPICON_NAME = AppIcon;
				ASSETCATALOG_COMPILER_GLOBAL_ACCENT_COLOR_NAME = AccentColor;
				CODE_SIGN_ENTITLEMENTS = MovieTables/MovieTables.entitlements;
				CODE_SIGN_STYLE = Automatic;
				COMBINE_HIDPI_IMAGES = YES;
				CURRENT_PROJECT_VERSION = 1;
				DEVELOPMENT_TEAM = TC28MCLCFA;
				ENABLE_HARDENED_RUNTIME = YES;
				GENERATE_INFOPLIST_FILE = YES;
				INFOPLIST_KEY_NSHumanReadableCopyright = "";
				INFOPLIST_KEY_NSMainStoryboardFile = Main;
				INFOPLIST_KEY_NSPrincipalClass = NSApplication;
				LD_RUNPATH_SEARCH_PATHS = (
					"$(inherited)",
					"@executable_path/../Frameworks",
				);
				MARKETING_VERSION = 1.0;
				PRODUCT_BUNDLE_IDENTIFIER = com.raywenderlich.MovieTables;
				PRODUCT_NAME = "$(TARGET_NAME)";
				SWIFT_EMIT_LOC_STRINGS = YES;
				SWIFT_VERSION = 5.0;
			};
			name = Debug;
		};
		26A4F89D28D4237500E5BAFD /* Release */ = {
			isa = XCBuildConfiguration;
			buildSettings = {
				ASSETCATALOG_COMPILER_APPICON_NAME = AppIcon;
				ASSETCATALOG_COMPILER_GLOBAL_ACCENT_COLOR_NAME = AccentColor;
				CODE_SIGN_ENTITLEMENTS = MovieTables/MovieTables.entitlements;
				CODE_SIGN_STYLE = Automatic;
				COMBINE_HIDPI_IMAGES = YES;
				CURRENT_PROJECT_VERSION = 1;
				DEVELOPMENT_TEAM = TC28MCLCFA;
				ENABLE_HARDENED_RUNTIME = YES;
				GENERATE_INFOPLIST_FILE = YES;
				INFOPLIST_KEY_NSHumanReadableCopyright = "";
				INFOPLIST_KEY_NSMainStoryboardFile = Main;
				INFOPLIST_KEY_NSPrincipalClass = NSApplication;
				LD_RUNPATH_SEARCH_PATHS = (
					"$(inherited)",
					"@executable_path/../Frameworks",
				);
				MARKETING_VERSION = 1.0;
				PRODUCT_BUNDLE_IDENTIFIER = com.raywenderlich.MovieTables;
				PRODUCT_NAME = "$(TARGET_NAME)";
				SWIFT_EMIT_LOC_STRINGS = YES;
				SWIFT_VERSION = 5.0;
			};
			name = Release;
		};
/* End XCBuildConfiguration section */

/* Begin XCConfigurationList section */
		26A4F88728D4237400E5BAFD /* Build configuration list for PBXProject "MovieTables" */ = {
			isa = XCConfigurationList;
			buildConfigurations = (
				26A4F89928D4237500E5BAFD /* Debug */,
				26A4F89A28D4237500E5BAFD /* Release */,
			);
			defaultConfigurationIsVisible = 0;
			defaultConfigurationName = Release;
		};
		26A4F89B28D4237500E5BAFD /* Build configuration list for PBXNativeTarget "Movie Tables" */ = {
			isa = XCConfigurationList;
			buildConfigurations = (
				26A4F89C28D4237500E5BAFD /* Debug */,
				26A4F89D28D4237500E5BAFD /* Release */,
			);
			defaultConfigurationIsVisible = 0;
			defaultConfigurationName = Release;
		};
/* End XCConfigurationList section */
	};
	rootObject = 26A4F88428D4237400E5BAFD /* Project object */;
}
