// !$*UTF8*$!
{
	archiveVersion = 1;
	classes = {
	};
	objectVersion = 56;
	objects = {

/* Begin PBXBuildFile section */
		261F6BC628C5814B003ECFEB /* LettersView.swift in Sources */ = {isa = PBXBuildFile; fileRef = 261F6BC528C5814B003ECFEB /* LettersView.swift */; };
		261F6BC828C58172003ECFEB /* GuessesView.swift in Sources */ = {isa = PBXBuildFile; fileRef = 261F6BC728C58172003ECFEB /* GuessesView.swift */; };
		2669F3B928C81DF7008F275F /* Game.swift in Sources */ = {isa = PBXBuildFile; fileRef = 2669F3B828C81DF7008F275F /* Game.swift */; };
		2669F3BC28C82436008F275F /* AppState.swift in Sources */ = {isa = PBXBuildFile; fileRef = 2669F3BB28C82436008F275F /* AppState.swift */; };
		2669F3BE28C82F27008F275F /* words.txt in Resources */ = {isa = PBXBuildFile; fileRef = 2669F3BD28C82F27008F275F /* words.txt */; };
		2669F3C028C85390008F275F /* SettingsView.swift in Sources */ = {isa = PBXBuildFile; fileRef = 2669F3BF28C85390008F275F /* SettingsView.swift */; };
		2669F3C428C8571C008F275F /* WordsStats.swift in Sources */ = {isa = PBXBuildFile; fileRef = 2669F3C128C8571C008F275F /* WordsStats.swift */; };
		2669F3C528C8571C008F275F /* StatsView.swift in Sources */ = {isa = PBXBuildFile; fileRef = 2669F3C228C8571C008F275F /* StatsView.swift */; };
		2669F3C628C8571C008F275F /* GamesStats.swift in Sources */ = {isa = PBXBuildFile; fileRef = 2669F3C328C8571C008F275F /* GamesStats.swift */; };
		2669F3C928C85B20008F275F /* ChartPoint.swift in Sources */ = {isa = PBXBuildFile; fileRef = 2669F3C828C85B20008F275F /* ChartPoint.swift */; };
		2669F3CC28C86579008F275F /* WordLetter.swift in Sources */ = {isa = PBXBuildFile; fileRef = 2669F3CB28C86579008F275F /* WordLetter.swift */; };
		2669F3CE28C865AD008F275F /* GameStatus.swift in Sources */ = {isa = PBXBuildFile; fileRef = 2669F3CD28C865AD008F275F /* GameStatus.swift */; };
		269E63A028C573E100DDE0F6 /* SnowmanApp.swift in Sources */ = {isa = PBXBuildFile; fileRef = 269E639F28C573E100DDE0F6 /* SnowmanApp.swift */; };
		269E63A228C573E100DDE0F6 /* ContentView.swift in Sources */ = {isa = PBXBuildFile; fileRef = 269E63A128C573E100DDE0F6 /* ContentView.swift */; };
		269E63A428C573E200DDE0F6 /* Assets.xcassets in Resources */ = {isa = PBXBuildFile; fileRef = 269E63A328C573E200DDE0F6 /* Assets.xcassets */; };
		269E63A728C573E200DDE0F6 /* Preview Assets.xcassets in Resources */ = {isa = PBXBuildFile; fileRef = 269E63A628C573E200DDE0F6 /* Preview Assets.xcassets */; };
		269E63AF28C577AB00DDE0F6 /* SidebarView.swift in Sources */ = {isa = PBXBuildFile; fileRef = 269E63AE28C577AB00DDE0F6 /* SidebarView.swift */; };
		269E63B128C577B300DDE0F6 /* GameView.swift in Sources */ = {isa = PBXBuildFile; fileRef = 269E63B028C577B300DDE0F6 /* GameView.swift */; };
/* End PBXBuildFile section */

/* Begin PBXFileReference section */
		261F6BC528C5814B003ECFEB /* LettersView.swift */ = {isa = PBXFileReference; lastKnownFileType = sourcecode.swift; path = LettersView.swift; sourceTree = "<group>"; };
		261F6BC728C58172003ECFEB /* GuessesView.swift */ = {isa = PBXFileReference; lastKnownFileType = sourcecode.swift; path = GuessesView.swift; sourceTree = "<group>"; };
		2669F3B828C81DF7008F275F /* Game.swift */ = {isa = PBXFileReference; lastKnownFileType = sourcecode.swift; path = Game.swift; sourceTree = "<group>"; };
		2669F3BB28C82436008F275F /* AppState.swift */ = {isa = PBXFileReference; lastKnownFileType = sourcecode.swift; path = AppState.swift; sourceTree = "<group>"; };
		2669F3BD28C82F27008F275F /* words.txt */ = {isa = PBXFileReference; fileEncoding = 4; lastKnownFileType = text; path = words.txt; sourceTree = "<group>"; };
		2669F3BF28C85390008F275F /* SettingsView.swift */ = {isa = PBXFileReference; lastKnownFileType = sourcecode.swift; path = SettingsView.swift; sourceTree = "<group>"; };
		2669F3C128C8571C008F275F /* WordsStats.swift */ = {isa = PBXFileReference; fileEncoding = 4; lastKnownFileType = sourcecode.swift; path = WordsStats.swift; sourceTree = "<group>"; };
		2669F3C228C8571C008F275F /* StatsView.swift */ = {isa = PBXFileReference; fileEncoding = 4; lastKnownFileType = sourcecode.swift; path = StatsView.swift; sourceTree = "<group>"; };
		2669F3C328C8571C008F275F /* GamesStats.swift */ = {isa = PBXFileReference; fileEncoding = 4; lastKnownFileType = sourcecode.swift; path = GamesStats.swift; sourceTree = "<group>"; };
		2669F3C828C85B20008F275F /* ChartPoint.swift */ = {isa = PBXFileReference; lastKnownFileType = sourcecode.swift; path = ChartPoint.swift; sourceTree = "<group>"; };
		2669F3CB28C86579008F275F /* WordLetter.swift */ = {isa = PBXFileReference; lastKnownFileType = sourcecode.swift; path = WordLetter.swift; sourceTree = "<group>"; };
		2669F3CD28C865AD008F275F /* GameStatus.swift */ = {isa = PBXFileReference; lastKnownFileType = sourcecode.swift; path = GameStatus.swift; sourceTree = "<group>"; };
		269E639C28C573E100DDE0F6 /* Snowman.app */ = {isa = PBXFileReference; explicitFileType = wrapper.application; includeInIndex = 0; path = Snowman.app; sourceTree = BUILT_PRODUCTS_DIR; };
		269E639F28C573E100DDE0F6 /* SnowmanApp.swift */ = {isa = PBXFileReference; lastKnownFileType = sourcecode.swift; path = SnowmanApp.swift; sourceTree = "<group>"; };
		269E63A128C573E100DDE0F6 /* ContentView.swift */ = {isa = PBXFileReference; lastKnownFileType = sourcecode.swift; path = ContentView.swift; sourceTree = "<group>"; };
		269E63A328C573E200DDE0F6 /* Assets.xcassets */ = {isa = PBXFileReference; lastKnownFileType = folder.assetcatalog; path = Assets.xcassets; sourceTree = "<group>"; };
		269E63A628C573E200DDE0F6 /* Preview Assets.xcassets */ = {isa = PBXFileReference; lastKnownFileType = folder.assetcatalog; path = "Preview Assets.xcassets"; sourceTree = "<group>"; };
		269E63A828C573E200DDE0F6 /* Snowman.entitlements */ = {isa = PBXFileReference; lastKnownFileType = text.plist.entitlements; path = Snowman.entitlements; sourceTree = "<group>"; };
		269E63AE28C577AB00DDE0F6 /* SidebarView.swift */ = {isa = PBXFileReference; lastKnownFileType = sourcecode.swift; path = SidebarView.swift; sourceTree = "<group>"; };
		269E63B028C577B300DDE0F6 /* GameView.swift */ = {isa = PBXFileReference; lastKnownFileType = sourcecode.swift; path = GameView.swift; sourceTree = "<group>"; };
/* End PBXFileReference section */

/* Begin PBXFrameworksBuildPhase section */
		269E639928C573E100DDE0F6 /* Frameworks */ = {
			isa = PBXFrameworksBuildPhase;
			buildActionMask = 2147483647;
			files = (
			);
			runOnlyForDeploymentPostprocessing = 0;
		};
/* End PBXFrameworksBuildPhase section */

/* Begin PBXGroup section */
		261F6BC428C579B1003ECFEB /* Views */ = {
			isa = PBXGroup;
			children = (
				269E63A128C573E100DDE0F6 /* ContentView.swift */,
				269E63AE28C577AB00DDE0F6 /* SidebarView.swift */,
				269E63B028C577B300DDE0F6 /* GameView.swift */,
				261F6BC528C5814B003ECFEB /* LettersView.swift */,
				261F6BC728C58172003ECFEB /* GuessesView.swift */,
				2669F3BF28C85390008F275F /* SettingsView.swift */,
				2669F3C728C85722008F275F /* Statistics */,
			);
			path = Views;
			sourceTree = "<group>";
		};
		2669F3BA28C81F88008F275F /* Models */ = {
			isa = PBXGroup;
			children = (
				2669F3BB28C82436008F275F /* AppState.swift */,
				2669F3B828C81DF7008F275F /* Game.swift */,
				2669F3CB28C86579008F275F /* WordLetter.swift */,
				2669F3CD28C865AD008F275F /* GameStatus.swift */,
				2669F3C828C85B20008F275F /* ChartPoint.swift */,
				2669F3BD28C82F27008F275F /* words.txt */,
			);
			path = Models;
			sourceTree = "<group>";
		};
		2669F3C728C85722008F275F /* Statistics */ = {
			isa = PBXGroup;
			children = (
				2669F3C228C8571C008F275F /* StatsView.swift */,
				2669F3C328C8571C008F275F /* GamesStats.swift */,
				2669F3C128C8571C008F275F /* WordsStats.swift */,
			);
			path = Statistics;
			sourceTree = "<group>";
		};
		269E639328C573E100DDE0F6 = {
			isa = PBXGroup;
			children = (
				269E639E28C573E100DDE0F6 /* Snowman */,
				269E639D28C573E100DDE0F6 /* Products */,
			);
			sourceTree = "<group>";
		};
		269E639D28C573E100DDE0F6 /* Products */ = {
			isa = PBXGroup;
			children = (
				269E639C28C573E100DDE0F6 /* Snowman.app */,
			);
			name = Products;
			sourceTree = "<group>";
		};
		269E639E28C573E100DDE0F6 /* Snowman */ = {
			isa = PBXGroup;
			children = (
				269E639F28C573E100DDE0F6 /* SnowmanApp.swift */,
				261F6BC428C579B1003ECFEB /* Views */,
				2669F3BA28C81F88008F275F /* Models */,
				269E63A328C573E200DDE0F6 /* Assets.xcassets */,
				269E63A828C573E200DDE0F6 /* Snowman.entitlements */,
				269E63A528C573E200DDE0F6 /* Preview Content */,
			);
			path = Snowman;
			sourceTree = "<group>";
		};
		269E63A528C573E200DDE0F6 /* Preview Content */ = {
			isa = PBXGroup;
			children = (
				269E63A628C573E200DDE0F6 /* Preview Assets.xcassets */,
			);
			path = "Preview Content";
			sourceTree = "<group>";
		};
/* End PBXGroup section */

/* Begin PBXNativeTarget section */
		269E639B28C573E100DDE0F6 /* Snowman */ = {
			isa = PBXNativeTarget;
			buildConfigurationList = 269E63AB28C573E200DDE0F6 /* Build configuration list for PBXNativeTarget "Snowman" */;
			buildPhases = (
				2669F3CA28C863BC008F275F /* ShellScript */,
				269E639828C573E100DDE0F6 /* Sources */,
				269E639928C573E100DDE0F6 /* Frameworks */,
				269E639A28C573E100DDE0F6 /* Resources */,
			);
			buildRules = (
			);
			dependencies = (
			);
			name = Snowman;
			productName = Snowman;
			productReference = 269E639C28C573E100DDE0F6 /* Snowman.app */;
			productType = "com.apple.product-type.application";
		};
/* End PBXNativeTarget section */

/* Begin PBXProject section */
		269E639428C573E100DDE0F6 /* Project object */ = {
			isa = PBXProject;
			attributes = {
				BuildIndependentTargetsInParallel = 1;
				LastSwiftUpdateCheck = 1400;
				LastUpgradeCheck = 1410;
				TargetAttributes = {
					269E639B28C573E100DDE0F6 = {
						CreatedOnToolsVersion = 14.0;
					};
				};
			};
			buildConfigurationList = 269E639728C573E100DDE0F6 /* Build configuration list for PBXProject "Snowman" */;
			compatibilityVersion = "Xcode 14.0";
			developmentRegion = en;
			hasScannedForEncodings = 0;
			knownRegions = (
				en,
				Base,
			);
			mainGroup = 269E639328C573E100DDE0F6;
			productRefGroup = 269E639D28C573E100DDE0F6 /* Products */;
			projectDirPath = "";
			projectRoot = "";
			targets = (
				269E639B28C573E100DDE0F6 /* Snowman */,
			);
		};
/* End PBXProject section */

/* Begin PBXResourcesBuildPhase section */
		269E639A28C573E100DDE0F6 /* Resources */ = {
			isa = PBXResourcesBuildPhase;
			buildActionMask = 2147483647;
			files = (
				269E63A728C573E200DDE0F6 /* Preview Assets.xcassets in Resources */,
				2669F3BE28C82F27008F275F /* words.txt in Resources */,
				269E63A428C573E200DDE0F6 /* Assets.xcassets in Resources */,
			);
			runOnlyForDeploymentPostprocessing = 0;
		};
/* End PBXResourcesBuildPhase section */

/* Begin PBXShellScriptBuildPhase section */
		2669F3CA28C863BC008F275F /* ShellScript */ = {
			isa = PBXShellScriptBuildPhase;
			alwaysOutOfDate = 1;
			buildActionMask = 2147483647;
			files = (
			);
			inputFileListPaths = (
			);
			inputPaths = (
			);
			outputFileListPaths = (
			);
			outputPaths = (
			);
			runOnlyForDeploymentPostprocessing = 0;
			shellPath = /bin/sh;
			shellScript = "PATH=/opt/homebrew/bin:$PATH\nif [ -f ~/com.raywenderlich.swiftlint.yml ]; then\n  if which swiftlint >/dev/null; then\n    swiftlint --fix --no-cache --config ~/com.raywenderlich.swiftlint.yml\n    swiftlint --no-cache --config ~/com.raywenderlich.swiftlint.yml\n  fi\nfi\n";
		};
/* End PBXShellScriptBuildPhase section */

/* Begin PBXSourcesBuildPhase section */
		269E639828C573E100DDE0F6 /* Sources */ = {
			isa = PBXSourcesBuildPhase;
			buildActionMask = 2147483647;
			files = (
				2669F3C528C8571C008F275F /* StatsView.swift in Sources */,
				2669F3CC28C86579008F275F /* WordLetter.swift in Sources */,
				261F6BC828C58172003ECFEB /* GuessesView.swift in Sources */,
				269E63A228C573E100DDE0F6 /* ContentView.swift in Sources */,
				2669F3B928C81DF7008F275F /* Game.swift in Sources */,
				2669F3C028C85390008F275F /* SettingsView.swift in Sources */,
				2669F3C428C8571C008F275F /* WordsStats.swift in Sources */,
				2669F3CE28C865AD008F275F /* GameStatus.swift in Sources */,
				2669F3BC28C82436008F275F /* AppState.swift in Sources */,
				261F6BC628C5814B003ECFEB /* LettersView.swift in Sources */,
				269E63A028C573E100DDE0F6 /* SnowmanApp.swift in Sources */,
				269E63B128C577B300DDE0F6 /* GameView.swift in Sources */,
				2669F3C628C8571C008F275F /* GamesStats.swift in Sources */,
				2669F3C928C85B20008F275F /* ChartPoint.swift in Sources */,
				269E63AF28C577AB00DDE0F6 /* SidebarView.swift in Sources */,
			);
			runOnlyForDeploymentPostprocessing = 0;
		};
/* End PBXSourcesBuildPhase section */

/* Begin XCBuildConfiguration section */
		269E63A928C573E200DDE0F6 /* Debug */ = {
			isa = XCBuildConfiguration;
			buildSettings = {
				ALWAYS_SEARCH_USER_PATHS = NO;
				CLANG_ANALYZER_NONNULL = YES;
				CLANG_ANALYZER_NUMBER_OBJECT_CONVERSION = YES_AGGRESSIVE;
				CLANG_CXX_LANGUAGE_STANDARD = "gnu++20";
				CLANG_ENABLE_MODULES = YES;
				CLANG_ENABLE_OBJC_ARC = YES;
				CLANG_ENABLE_OBJC_WEAK = YES;
				CLANG_WARN_BLOCK_CAPTURE_AUTORELEASING = YES;
				CLANG_WARN_BOOL_CONVERSION = YES;
				CLANG_WARN_COMMA = YES;
				CLANG_WARN_CONSTANT_CONVERSION = YES;
				CLANG_WARN_DEPRECATED_OBJC_IMPLEMENTATIONS = YES;
				CLANG_WARN_DIRECT_OBJC_ISA_USAGE = YES_ERROR;
				CLANG_WARN_DOCUMENTATION_COMMENTS = YES;
				CLANG_WARN_EMPTY_BODY = YES;
				CLANG_WARN_ENUM_CONVERSION = YES;
				CLANG_WARN_INFINITE_RECURSION = YES;
				CLANG_WARN_INT_CONVERSION = YES;
				CLANG_WARN_NON_LITERAL_NULL_CONVERSION = YES;
				CLANG_WARN_OBJC_IMPLICIT_RETAIN_SELF = YES;
				CLANG_WARN_OBJC_LITERAL_CONVERSION = YES;
				CLANG_WARN_OBJC_ROOT_CLASS = YES_ERROR;
				CLANG_WARN_QUOTED_INCLUDE_IN_FRAMEWORK_HEADER = YES;
				CLANG_WARN_RANGE_LOOP_ANALYSIS = YES;
				CLANG_WARN_STRICT_PROTOTYPES = YES;
				CLANG_WARN_SUSPICIOUS_MOVE = YES;
				CLANG_WARN_UNGUARDED_AVAILABILITY = YES_AGGRESSIVE;
				CLANG_WARN_UNREACHABLE_CODE = YES;
				CLANG_WARN__DUPLICATE_METHOD_MATCH = YES;
				COPY_PHASE_STRIP = NO;
				DEAD_CODE_STRIPPING = YES;
				DEBUG_INFORMATION_FORMAT = dwarf;
				ENABLE_STRICT_OBJC_MSGSEND = YES;
				ENABLE_TESTABILITY = YES;
				GCC_C_LANGUAGE_STANDARD = gnu11;
				GCC_DYNAMIC_NO_PIC = NO;
				GCC_NO_COMMON_BLOCKS = YES;
				GCC_OPTIMIZATION_LEVEL = 0;
				GCC_PREPROCESSOR_DEFINITIONS = (
					"DEBUG=1",
					"$(inherited)",
				);
				GCC_WARN_64_TO_32_BIT_CONVERSION = YES;
				GCC_WARN_ABOUT_RETURN_TYPE = YES_ERROR;
				GCC_WARN_UNDECLARED_SELECTOR = YES;
				GCC_WARN_UNINITIALIZED_AUTOS = YES_AGGRESSIVE;
				GCC_WARN_UNUSED_FUNCTION = YES;
				GCC_WARN_UNUSED_VARIABLE = YES;
				MACOSX_DEPLOYMENT_TARGET = 13.0;
				MTL_ENABLE_DEBUG_INFO = INCLUDE_SOURCE;
				MTL_FAST_MATH = YES;
				ONLY_ACTIVE_ARCH = YES;
				SDKROOT = macosx;
				SWIFT_ACTIVE_COMPILATION_CONDITIONS = DEBUG;
				SWIFT_OPTIMIZATION_LEVEL = "-Onone";
			};
			name = Debug;
		};
		269E63AA28C573E200DDE0F6 /* Release */ = {
			isa = XCBuildConfiguration;
			buildSettings = {
				ALWAYS_SEARCH_USER_PATHS = NO;
				CLANG_ANALYZER_NONNULL = YES;
				CLANG_ANALYZER_NUMBER_OBJECT_CONVERSION = YES_AGGRESSIVE;
				CLANG_CXX_LANGUAGE_STANDARD = "gnu++20";
				CLANG_ENABLE_MODULES = YES;
				CLANG_ENABLE_OBJC_ARC = YES;
				CLANG_ENABLE_OBJC_WEAK = YES;
				CLANG_WARN_BLOCK_CAPTURE_AUTORELEASING = YES;
				CLANG_WARN_BOOL_CONVERSION = YES;
				CLANG_WARN_COMMA = YES;
				CLANG_WARN_CONSTANT_CONVERSION = YES;
				CLANG_WARN_DEPRECATED_OBJC_IMPLEMENTATIONS = YES;
				CLANG_WARN_DIRECT_OBJC_ISA_USAGE = YES_ERROR;
				CLANG_WARN_DOCUMENTATION_COMMENTS = YES;
				CLANG_WARN_EMPTY_BODY = YES;
				CLANG_WARN_ENUM_CONVERSION = YES;
				CLANG_WARN_INFINITE_RECURSION = YES;
				CLANG_WARN_INT_CONVERSION = YES;
				CLANG_WARN_NON_LITERAL_NULL_CONVERSION = YES;
				CLANG_WARN_OBJC_IMPLICIT_RETAIN_SELF = YES;
				CLANG_WARN_OBJC_LITERAL_CONVERSION = YES;
				CLANG_WARN_OBJC_ROOT_CLASS = YES_ERROR;
				CLANG_WARN_QUOTED_INCLUDE_IN_FRAMEWORK_HEADER = YES;
				CLANG_WARN_RANGE_LOOP_ANALYSIS = YES;
				CLANG_WARN_STRICT_PROTOTYPES = YES;
				CLANG_WARN_SUSPICIOUS_MOVE = YES;
				CLANG_WARN_UNGUARDED_AVAILABILITY = YES_AGGRESSIVE;
				CLANG_WARN_UNREACHABLE_CODE = YES;
				CLANG_WARN__DUPLICATE_METHOD_MATCH = YES;
				COPY_PHASE_STRIP = NO;
				DEAD_CODE_STRIPPING = YES;
				DEBUG_INFORMATION_FORMAT = "dwarf-with-dsym";
				ENABLE_NS_ASSERTIONS = NO;
				ENABLE_STRICT_OBJC_MSGSEND = YES;
				GCC_C_LANGUAGE_STANDARD = gnu11;
				GCC_NO_COMMON_BLOCKS = YES;
				GCC_WARN_64_TO_32_BIT_CONVERSION = YES;
				GCC_WARN_ABOUT_RETURN_TYPE = YES_ERROR;
				GCC_WARN_UNDECLARED_SELECTOR = YES;
				GCC_WARN_UNINITIALIZED_AUTOS = YES_AGGRESSIVE;
				GCC_WARN_UNUSED_FUNCTION = YES;
				GCC_WARN_UNUSED_VARIABLE = YES;
				MACOSX_DEPLOYMENT_TARGET = 13.0;
				MTL_ENABLE_DEBUG_INFO = NO;
				MTL_FAST_MATH = YES;
				SDKROOT = macosx;
				SWIFT_COMPILATION_MODE = wholemodule;
				SWIFT_OPTIMIZATION_LEVEL = "-O";
			};
			name = Release;
		};
		269E63AC28C573E200DDE0F6 /* Debug */ = {
			isa = XCBuildConfiguration;
			buildSettings = {
				ASSETCATALOG_COMPILER_APPICON_NAME = AppIcon;
				ASSETCATALOG_COMPILER_GLOBAL_ACCENT_COLOR_NAME = AccentColor;
				CODE_SIGN_ENTITLEMENTS = Snowman/Snowman.entitlements;
				CODE_SIGN_IDENTITY = "-";
				CODE_SIGN_STYLE = Automatic;
				COMBINE_HIDPI_IMAGES = YES;
				CURRENT_PROJECT_VERSION = 1;
				DEAD_CODE_STRIPPING = YES;
				DEVELOPMENT_ASSET_PATHS = "\"Snowman/Preview Content\"";
				DEVELOPMENT_TEAM = TC28MCLCFA;
				ENABLE_HARDENED_RUNTIME = YES;
				ENABLE_PREVIEWS = YES;
				GENERATE_INFOPLIST_FILE = YES;
				INFOPLIST_KEY_LSApplicationCategoryType = "public.app-category.word-games";
				INFOPLIST_KEY_NSHumanReadableCopyright = "";
				LD_RUNPATH_SEARCH_PATHS = (
					"$(inherited)",
					"@executable_path/../Frameworks",
				);
				MARKETING_VERSION = 1.0;
				PRODUCT_BUNDLE_IDENTIFIER = com.raywenderlich.Snowman;
				PRODUCT_NAME = "$(TARGET_NAME)";
				SWIFT_EMIT_LOC_STRINGS = YES;
				SWIFT_VERSION = 5.0;
			};
			name = Debug;
		};
		269E63AD28C573E200DDE0F6 /* Release */ = {
			isa = XCBuildConfiguration;
			buildSettings = {
				ASSETCATALOG_COMPILER_APPICON_NAME = AppIcon;
				ASSETCATALOG_COMPILER_GLOBAL_ACCENT_COLOR_NAME = AccentColor;
				CODE_SIGN_ENTITLEMENTS = Snowman/Snowman.entitlements;
				CODE_SIGN_IDENTITY = "-";
				CODE_SIGN_STYLE = Automatic;
				COMBINE_HIDPI_IMAGES = YES;
				CURRENT_PROJECT_VERSION = 1;
				DEAD_CODE_STRIPPING = YES;
				DEVELOPMENT_ASSET_PATHS = "\"Snowman/Preview Content\"";
				DEVELOPMENT_TEAM = TC28MCLCFA;
				ENABLE_HARDENED_RUNTIME = YES;
				ENABLE_PREVIEWS = YES;
				GENERATE_INFOPLIST_FILE = YES;
				INFOPLIST_KEY_LSApplicationCategoryType = "public.app-category.word-games";
				INFOPLIST_KEY_NSHumanReadableCopyright = "";
				LD_RUNPATH_SEARCH_PATHS = (
					"$(inherited)",
					"@executable_path/../Frameworks",
				);
				MARKETING_VERSION = 1.0;
				PRODUCT_BUNDLE_IDENTIFIER = com.raywenderlich.Snowman;
				PRODUCT_NAME = "$(TARGET_NAME)";
				SWIFT_EMIT_LOC_STRINGS = YES;
				SWIFT_VERSION = 5.0;
			};
			name = Release;
		};
/* End XCBuildConfiguration section */

/* Begin XCConfigurationList section */
		269E639728C573E100DDE0F6 /* Build configuration list for PBXProject "Snowman" */ = {
			isa = XCConfigurationList;
			buildConfigurations = (
				269E63A928C573E200DDE0F6 /* Debug */,
				269E63AA28C573E200DDE0F6 /* Release */,
			);
			defaultConfigurationIsVisible = 0;
			defaultConfigurationName = Release;
		};
		269E63AB28C573E200DDE0F6 /* Build configuration list for PBXNativeTarget "Snowman" */ = {
			isa = XCConfigurationList;
			buildConfigurations = (
				269E63AC28C573E200DDE0F6 /* Debug */,
				269E63AD28C573E200DDE0F6 /* Release */,
			);
			defaultConfigurationIsVisible = 0;
			defaultConfigurationName = Release;
		};
/* End XCConfigurationList section */
	};
	rootObject = 269E639428C573E100DDE0F6 /* Project object */;
}
